{
  "version": 4,
  "terraform_version": "1.11.3",
  "serial": 1,
  "lineage": "1fd7ebf6-1494-b28f-e273-5ca43e62e8be",
  "outputs": {
    "aks_name": {
      "value": "fullstack3tiers-aks",
      "type": "string"
    },
    "resource_group_name": {
      "value": "fullstack3tiers-rg",
      "type": "string"
    }
  },
  "resources": [
    {
      "mode": "managed",
      "type": "azurerm_resource_group",
      "name": "main",
      "provider": "provider[\"registry.terraform.io/hashicorp/azurerm\"]",
      "instances": [
        {
          "schema_version": 0,
          "attributes": {
            "id": "/subscriptions/8d1fdb80-e459-4800-9aef-8d755086c04b/resourceGroups/fullstack3tiers-rg",
            "location": "eastus",
            "managed_by": "",
            "name": "fullstack3tiers-rg",
            "tags": null,
            "timeouts": null
          },
          "sensitive_attributes": [],
          "private": "eyJlMmJmYjczMC1lY2FhLTExZTYtOGY4OC0zNDM2M2JjN2M0YzAiOnsiY3JlYXRlIjo1NDAwMDAwMDAwMDAwLCJkZWxldGUiOjU0MDAwMDAwMDAwMDAsInJlYWQiOjMwMDAwMDAwMDAwMCwidXBkYXRlIjo1NDAwMDAwMDAwMDAwfX0="
        }
      ]
    }
  ],
  "check_results": null
}
